<?xml version="1.0" encoding="utf-8"?>
<Project ToolsVersion="4.0" xmlns="http://schemas.microsoft.com/developer/msbuild/2003">
  <ItemGroup>
    <Filter Include="Direct3D">
      <UniqueIdentifier>{1b0df719-c956-4077-a2f2-848ef51cb309}</UniqueIdentifier>
    </Filter>
    <Filter Include="OpenGL">
      <UniqueIdentifier>{34121747-9c58-47b5-9fe0-70c74288466e}</UniqueIdentifier>
    </Filter>
    <Filter Include="Windows">
      <UniqueIdentifier>{cf689055-8e4a-4dc6-ab6b-ca588b4af312}</UniqueIdentifier>
    </Filter>
  </ItemGroup>
  <ItemGroup>
    <ClCompile Include="cConstantBuffer.cpp" />
    <ClCompile Include="cRenderState.cpp" />
    <ClCompile Include="cShader.cpp" />
    <ClCompile Include="cVertexFormat.cpp" />
    <ClCompile Include="sContext.cpp" />
    <ClCompile Include="Direct3D\cConstantBuffer.d3d.cpp">
      <Filter>Direct3D</Filter>
    </ClCompile>
    <ClCompile Include="Direct3D\cRenderState.d3d.cpp">
      <Filter>Direct3D</Filter>
    </ClCompile>
    <ClCompile Include="Direct3D\cShader.d3d.cpp">
      <Filter>Direct3D</Filter>
    </ClCompile>
    <ClCompile Include="Direct3D\cVertexFormat.d3d.cpp">
      <Filter>Direct3D</Filter>
    </ClCompile>
    <ClCompile Include="Direct3D\sContext.d3d.cpp">
      <Filter>Direct3D</Filter>
    </ClCompile>
    <ClCompile Include="OpenGL\cConstantBuffer.gl.cpp">
      <Filter>OpenGL</Filter>
    </ClCompile>
    <ClCompile Include="OpenGL\cRenderState.gl.cpp">
      <Filter>OpenGL</Filter>
    </ClCompile>
    <ClCompile Include="OpenGL\cShader.gl.cpp">
      <Filter>OpenGL</Filter>
    </ClCompile>
    <ClCompile Include="OpenGL\cVertexFormat.gl.cpp">
      <Filter>OpenGL</Filter>
    </ClCompile>
    <ClCompile Include="OpenGL\sContext.gl.cpp">
      <Filter>OpenGL</Filter>
    </ClCompile>
    <ClCompile Include="OpenGL\cMesh.gl.cpp">
      <Filter>OpenGL</Filter>
    </ClCompile>
    <ClCompile Include="Direct3D\cMesh.d3d.cpp">
      <Filter>Direct3D</Filter>
    </ClCompile>
    <ClCompile Include="cMesh.cpp" />
    <ClCompile Include="OpenGL\cEffect.gl.cpp">
      <Filter>OpenGL</Filter>
    </ClCompile>
    <ClCompile Include="cEffect.cpp" />
    <ClCompile Include="Direct3D\cEffect.d3d.cpp">
      <Filter>Direct3D</Filter>
    </ClCompile>
    <ClCompile Include="Graphics.cpp" />
    <ClCompile Include="cRenderTarget.cpp" />
    <ClCompile Include="sRenderCommand.cpp" />
  </ItemGroup>
  <ItemGroup>
    <ClInclude Include="cConstantBuffer.h" />
    <ClInclude Include="Configuration.h" />
    <ClInclude Include="ConstantBufferFormats.h" />
    <ClInclude Include="cRenderState.h" />
    <ClInclude Include="cShader.h" />
    <ClInclude Include="cVertexFormat.h" />
    <ClInclude Include="Graphics.h" />
    <ClInclude Include="sContext.h" />
    <ClInclude Include="VertexFormats.h" />
    <ClInclude Include="Direct3D\Includes.h">
      <Filter>Direct3D</Filter>
    </ClInclude>
    <ClInclude Include="Windows\ExternalLibraries.win.h">
      <Filter>Windows</Filter>
    </ClInclude>
    <ClInclude Include="OpenGL\Includes.h">
      <Filter>OpenGL</Filter>
    </ClInclude>
    <ClInclude Include="cMesh.h" />
    <ClInclude Include="cEffect.h" />
    <ClInclude Include="cRenderTarget.h" />
    <ClInclude Include="sRenderCommand.h" />
  </ItemGroup>
  <ItemGroup>
    <None Include="cRenderState.inl" />
  </ItemGroup>
</Project>